// !$*UTF8*$!
{
	archiveVersion = 1;
	classes = {
	};
	objectVersion = 56;
	objects = {

/* Begin PBXBuildFile section */
		030BFDAC28A31D7700606B12 /* ChatActor.swift in Sources */ = {isa = PBXBuildFile; fileRef = 030BFDAB28A31D7700606B12 /* ChatActor.swift */; };
		031FF1F328A08015008343CA /* ServerError.swift in Sources */ = {isa = PBXBuildFile; fileRef = 031FF1F228A08015008343CA /* ServerError.swift */; };
		03498A6428701EED0081A221 /* Repository.swift in Sources */ = {isa = PBXBuildFile; fileRef = 03498A6328701EED0081A221 /* Repository.swift */; };
		03498A6728702E270081A221 /* LocalizedContent.swift in Sources */ = {isa = PBXBuildFile; fileRef = 03498A6628702E270081A221 /* LocalizedContent.swift */; };
		035CE65A289F47D400B8C7A5 /* Alamofire in Frameworks */ = {isa = PBXBuildFile; productRef = 035CE659289F47D400B8C7A5 /* Alamofire */; };
		0374074428AEDC33004DAA72 /* Representation.swift in Sources */ = {isa = PBXBuildFile; fileRef = 0374074328AEDC33004DAA72 /* Representation.swift */; };
		0376F5C428A0EBE90040CB40 /* ChatsObserver.swift in Sources */ = {isa = PBXBuildFile; fileRef = 0376F5C328A0EBE90040CB40 /* ChatsObserver.swift */; };
		0376F5C828A102490040CB40 /* NewChatView.swift in Sources */ = {isa = PBXBuildFile; fileRef = 0376F5C728A102490040CB40 /* NewChatView.swift */; };
		03772C85289734D9001DAE4B /* SwiftKeychainWrapper in Frameworks */ = {isa = PBXBuildFile; productRef = 03772C84289734D9001DAE4B /* SwiftKeychainWrapper */; };
		03772C8E2897580C001DAE4B /* Message.swift in Sources */ = {isa = PBXBuildFile; fileRef = 03772C8A289757CA001DAE4B /* Message.swift */; };
		03772C8F28975815001DAE4B /* Participant.swift in Sources */ = {isa = PBXBuildFile; fileRef = 03772C8D289757CA001DAE4B /* Participant.swift */; };
		03772C9028975815001DAE4B /* Chat.swift in Sources */ = {isa = PBXBuildFile; fileRef = 03772C89289757CA001DAE4B /* Chat.swift */; };
		03772C9128975815001DAE4B /* SessionToken.swift in Sources */ = {isa = PBXBuildFile; fileRef = 03772C8B289757CA001DAE4B /* SessionToken.swift */; };
		03772C9228975815001DAE4B /* User.swift in Sources */ = {isa = PBXBuildFile; fileRef = 03772C8C289757CA001DAE4B /* User.swift */; };
		03772C9428975965001DAE4B /* TaskButton.swift in Sources */ = {isa = PBXBuildFile; fileRef = 03772C9328975965001DAE4B /* TaskButton.swift */; };
		03772C97289759A3001DAE4B /* ThrowingTaskButton.swift in Sources */ = {isa = PBXBuildFile; fileRef = 03772C96289759A3001DAE4B /* ThrowingTaskButton.swift */; };
		03772C9928975B04001DAE4B /* AuthenticationView.swift in Sources */ = {isa = PBXBuildFile; fileRef = 03772C9828975B04001DAE4B /* AuthenticationView.swift */; };
		03772C9B28975CAB001DAE4B /* Constants.swift in Sources */ = {isa = PBXBuildFile; fileRef = 03772C9A28975CAB001DAE4B /* Constants.swift */; };
		03772C9D28975EB7001DAE4B /* ChatNavigationLink.swift in Sources */ = {isa = PBXBuildFile; fileRef = 03772C9C28975EB7001DAE4B /* ChatNavigationLink.swift */; };
		0389BC8C286FAB2A00CBDC3B /* AffirmateApp.swift in Sources */ = {isa = PBXBuildFile; fileRef = 0389BC8B286FAB2A00CBDC3B /* AffirmateApp.swift */; };
		0389BC8E286FAB2A00CBDC3B /* ContentView.swift in Sources */ = {isa = PBXBuildFile; fileRef = 0389BC8D286FAB2A00CBDC3B /* ContentView.swift */; };
		0389BC90286FAB2A00CBDC3B /* Assets.xcassets in Resources */ = {isa = PBXBuildFile; fileRef = 0389BC8F286FAB2A00CBDC3B /* Assets.xcassets */; };
		0389BC94286FAB2A00CBDC3B /* Preview Assets.xcassets in Resources */ = {isa = PBXBuildFile; fileRef = 0389BC93286FAB2A00CBDC3B /* Preview Assets.xcassets */; };
		0389BC9E286FAB2B00CBDC3B /* AffirmateTests.swift in Sources */ = {isa = PBXBuildFile; fileRef = 0389BC9D286FAB2B00CBDC3B /* AffirmateTests.swift */; };
		0389BCA8286FAB2B00CBDC3B /* AffirmateUITests.swift in Sources */ = {isa = PBXBuildFile; fileRef = 0389BCA7286FAB2B00CBDC3B /* AffirmateUITests.swift */; };
		0389BCAA286FAB2B00CBDC3B /* AffirmateUITestsLaunchTests.swift in Sources */ = {isa = PBXBuildFile; fileRef = 0389BCA9286FAB2B00CBDC3B /* AffirmateUITestsLaunchTests.swift */; };
		03A2017028A6D62200573848 /* HTTPActor.swift in Sources */ = {isa = PBXBuildFile; fileRef = 03A2016F28A6D62200573848 /* HTTPActor.swift */; };
		03A2017228A6D6A100573848 /* JWTToken.swift in Sources */ = {isa = PBXBuildFile; fileRef = 03A2017128A6D6A100573848 /* JWTToken.swift */; };
		03E1922928AEA2B600876C5D /* ChatView.swift in Sources */ = {isa = PBXBuildFile; fileRef = 03E1922828AEA2B600876C5D /* ChatView.swift */; };
		03E1922C28AEA30B00876C5D /* ReversedScrollView in Frameworks */ = {isa = PBXBuildFile; productRef = 03E1922B28AEA30B00876C5D /* ReversedScrollView */; };
		03E1922E28AEA3B000876C5D /* KeyboardHeightObserver.swift in Sources */ = {isa = PBXBuildFile; fileRef = 03E1922D28AEA3B000876C5D /* KeyboardHeightObserver.swift */; };
		03E1923028AEA49000876C5D /* ChatObserver.swift in Sources */ = {isa = PBXBuildFile; fileRef = 03E1922F28AEA49000876C5D /* ChatObserver.swift */; };
		03E1923228AEA5AC00876C5D /* MessageView.swift in Sources */ = {isa = PBXBuildFile; fileRef = 03E1923128AEA5AC00876C5D /* MessageView.swift */; };
		03E1923828AEA60E00876C5D /* MessageBubbleShape.swift in Sources */ = {isa = PBXBuildFile; fileRef = 03E1923528AEA60D00876C5D /* MessageBubbleShape.swift */; };
		03E1923928AEA60E00876C5D /* MessageBubble.swift in Sources */ = {isa = PBXBuildFile; fileRef = 03E1923628AEA60E00876C5D /* MessageBubble.swift */; };
		03E1923A28AEA60E00876C5D /* MessageBubbleTailPosition.swift in Sources */ = {isa = PBXBuildFile; fileRef = 03E1923728AEA60E00876C5D /* MessageBubbleTailPosition.swift */; };
		03E1923C28AEA88B00876C5D /* ChatSendButton.swift in Sources */ = {isa = PBXBuildFile; fileRef = 03E1923B28AEA88B00876C5D /* ChatSendButton.swift */; };
		03E1923E28AEAB0300876C5D /* MeActor.swift in Sources */ = {isa = PBXBuildFile; fileRef = 03E1923D28AEAB0300876C5D /* MeActor.swift */; };
		03FE3BBA2897214700208D5D /* HomeView.swift in Sources */ = {isa = PBXBuildFile; fileRef = 03FE3BB92897214700208D5D /* HomeView.swift */; };
		03FE3BBC289721A500208D5D /* ChatsView.swift in Sources */ = {isa = PBXBuildFile; fileRef = 03FE3BBB289721A500208D5D /* ChatsView.swift */; };
		03FE3BBE2897220F00208D5D /* MeView.swift in Sources */ = {isa = PBXBuildFile; fileRef = 03FE3BBD2897220F00208D5D /* MeView.swift */; };
		03FE3BC02897222D00208D5D /* AffirmateTabView.swift in Sources */ = {isa = PBXBuildFile; fileRef = 03FE3BBF2897222D00208D5D /* AffirmateTabView.swift */; };
		03FE3BC22897273A00208D5D /* Authentication.swift in Sources */ = {isa = PBXBuildFile; fileRef = 03FE3BC12897273A00208D5D /* Authentication.swift */; };
/* End PBXBuildFile section */

/* Begin PBXContainerItemProxy section */
		0389BC9A286FAB2A00CBDC3B /* PBXContainerItemProxy */ = {
			isa = PBXContainerItemProxy;
			containerPortal = 0389BC80286FAB2A00CBDC3B /* Project object */;
			proxyType = 1;
			remoteGlobalIDString = 0389BC87286FAB2A00CBDC3B;
			remoteInfo = Affirmate;
		};
		0389BCA4286FAB2B00CBDC3B /* PBXContainerItemProxy */ = {
			isa = PBXContainerItemProxy;
			containerPortal = 0389BC80286FAB2A00CBDC3B /* Project object */;
			proxyType = 1;
			remoteGlobalIDString = 0389BC87286FAB2A00CBDC3B;
			remoteInfo = Affirmate;
		};
/* End PBXContainerItemProxy section */

/* Begin PBXFileReference section */
		030BFDAB28A31D7700606B12 /* ChatActor.swift */ = {isa = PBXFileReference; lastKnownFileType = sourcecode.swift; path = ChatActor.swift; sourceTree = "<group>"; };
		031FF1F228A08015008343CA /* ServerError.swift */ = {isa = PBXFileReference; lastKnownFileType = sourcecode.swift; path = ServerError.swift; sourceTree = "<group>"; };
		03498A6328701EED0081A221 /* Repository.swift */ = {isa = PBXFileReference; lastKnownFileType = sourcecode.swift; path = Repository.swift; sourceTree = "<group>"; };
		03498A65287027710081A221 /* Info.plist */ = {isa = PBXFileReference; lastKnownFileType = text.plist; path = Info.plist; sourceTree = "<group>"; };
		03498A6628702E270081A221 /* LocalizedContent.swift */ = {isa = PBXFileReference; lastKnownFileType = sourcecode.swift; path = LocalizedContent.swift; sourceTree = "<group>"; };
		0374074328AEDC33004DAA72 /* Representation.swift */ = {isa = PBXFileReference; lastKnownFileType = sourcecode.swift; path = Representation.swift; sourceTree = "<group>"; };
		0376F5C328A0EBE90040CB40 /* ChatsObserver.swift */ = {isa = PBXFileReference; lastKnownFileType = sourcecode.swift; path = ChatsObserver.swift; sourceTree = "<group>"; };
		0376F5C728A102490040CB40 /* NewChatView.swift */ = {isa = PBXFileReference; lastKnownFileType = sourcecode.swift; path = NewChatView.swift; sourceTree = "<group>"; };
		03772C89289757CA001DAE4B /* Chat.swift */ = {isa = PBXFileReference; lastKnownFileType = sourcecode.swift; path = Chat.swift; sourceTree = "<group>"; };
		03772C8A289757CA001DAE4B /* Message.swift */ = {isa = PBXFileReference; lastKnownFileType = sourcecode.swift; path = Message.swift; sourceTree = "<group>"; };
		03772C8B289757CA001DAE4B /* SessionToken.swift */ = {isa = PBXFileReference; lastKnownFileType = sourcecode.swift; path = SessionToken.swift; sourceTree = "<group>"; };
		03772C8C289757CA001DAE4B /* User.swift */ = {isa = PBXFileReference; lastKnownFileType = sourcecode.swift; path = User.swift; sourceTree = "<group>"; };
		03772C8D289757CA001DAE4B /* Participant.swift */ = {isa = PBXFileReference; lastKnownFileType = sourcecode.swift; path = Participant.swift; sourceTree = "<group>"; };
		03772C9328975965001DAE4B /* TaskButton.swift */ = {isa = PBXFileReference; lastKnownFileType = sourcecode.swift; path = TaskButton.swift; sourceTree = "<group>"; };
		03772C96289759A3001DAE4B /* ThrowingTaskButton.swift */ = {isa = PBXFileReference; lastKnownFileType = sourcecode.swift; path = ThrowingTaskButton.swift; sourceTree = "<group>"; };
		03772C9828975B04001DAE4B /* AuthenticationView.swift */ = {isa = PBXFileReference; lastKnownFileType = sourcecode.swift; path = AuthenticationView.swift; sourceTree = "<group>"; };
		03772C9A28975CAB001DAE4B /* Constants.swift */ = {isa = PBXFileReference; lastKnownFileType = sourcecode.swift; path = Constants.swift; sourceTree = "<group>"; };
		03772C9C28975EB7001DAE4B /* ChatNavigationLink.swift */ = {isa = PBXFileReference; lastKnownFileType = sourcecode.swift; path = ChatNavigationLink.swift; sourceTree = "<group>"; };
		0389BC88286FAB2A00CBDC3B /* Affirmate.app */ = {isa = PBXFileReference; explicitFileType = wrapper.application; includeInIndex = 0; path = Affirmate.app; sourceTree = BUILT_PRODUCTS_DIR; };
		0389BC8B286FAB2A00CBDC3B /* AffirmateApp.swift */ = {isa = PBXFileReference; lastKnownFileType = sourcecode.swift; path = AffirmateApp.swift; sourceTree = "<group>"; };
		0389BC8D286FAB2A00CBDC3B /* ContentView.swift */ = {isa = PBXFileReference; lastKnownFileType = sourcecode.swift; path = ContentView.swift; sourceTree = "<group>"; };
		0389BC8F286FAB2A00CBDC3B /* Assets.xcassets */ = {isa = PBXFileReference; lastKnownFileType = folder.assetcatalog; path = Assets.xcassets; sourceTree = "<group>"; };
		0389BC91286FAB2A00CBDC3B /* Affirmate.entitlements */ = {isa = PBXFileReference; lastKnownFileType = text.plist.entitlements; path = Affirmate.entitlements; sourceTree = "<group>"; };
		0389BC93286FAB2A00CBDC3B /* Preview Assets.xcassets */ = {isa = PBXFileReference; lastKnownFileType = folder.assetcatalog; path = "Preview Assets.xcassets"; sourceTree = "<group>"; };
		0389BC99286FAB2A00CBDC3B /* AffirmateTests.xctest */ = {isa = PBXFileReference; explicitFileType = wrapper.cfbundle; includeInIndex = 0; path = AffirmateTests.xctest; sourceTree = BUILT_PRODUCTS_DIR; };
		0389BC9D286FAB2B00CBDC3B /* AffirmateTests.swift */ = {isa = PBXFileReference; lastKnownFileType = sourcecode.swift; path = AffirmateTests.swift; sourceTree = "<group>"; };
		0389BCA3286FAB2B00CBDC3B /* AffirmateUITests.xctest */ = {isa = PBXFileReference; explicitFileType = wrapper.cfbundle; includeInIndex = 0; path = AffirmateUITests.xctest; sourceTree = BUILT_PRODUCTS_DIR; };
		0389BCA7286FAB2B00CBDC3B /* AffirmateUITests.swift */ = {isa = PBXFileReference; lastKnownFileType = sourcecode.swift; path = AffirmateUITests.swift; sourceTree = "<group>"; };
		0389BCA9286FAB2B00CBDC3B /* AffirmateUITestsLaunchTests.swift */ = {isa = PBXFileReference; lastKnownFileType = sourcecode.swift; path = AffirmateUITestsLaunchTests.swift; sourceTree = "<group>"; };
		039303702899D8E700DA7085 /* AffirmateServer */ = {isa = PBXFileReference; lastKnownFileType = wrapper; path = AffirmateServer; sourceTree = "<group>"; };
		03A2016F28A6D62200573848 /* HTTPActor.swift */ = {isa = PBXFileReference; lastKnownFileType = sourcecode.swift; path = HTTPActor.swift; sourceTree = "<group>"; };
		03A2017128A6D6A100573848 /* JWTToken.swift */ = {isa = PBXFileReference; lastKnownFileType = sourcecode.swift; path = JWTToken.swift; sourceTree = "<group>"; };
		03E1922828AEA2B600876C5D /* ChatView.swift */ = {isa = PBXFileReference; lastKnownFileType = sourcecode.swift; path = ChatView.swift; sourceTree = "<group>"; };
		03E1922D28AEA3B000876C5D /* KeyboardHeightObserver.swift */ = {isa = PBXFileReference; fileEncoding = 4; lastKnownFileType = sourcecode.swift; path = KeyboardHeightObserver.swift; sourceTree = "<group>"; };
		03E1922F28AEA49000876C5D /* ChatObserver.swift */ = {isa = PBXFileReference; lastKnownFileType = sourcecode.swift; path = ChatObserver.swift; sourceTree = "<group>"; };
		03E1923128AEA5AC00876C5D /* MessageView.swift */ = {isa = PBXFileReference; fileEncoding = 4; lastKnownFileType = sourcecode.swift; path = MessageView.swift; sourceTree = "<group>"; };
		03E1923528AEA60D00876C5D /* MessageBubbleShape.swift */ = {isa = PBXFileReference; fileEncoding = 4; lastKnownFileType = sourcecode.swift; path = MessageBubbleShape.swift; sourceTree = "<group>"; };
		03E1923628AEA60E00876C5D /* MessageBubble.swift */ = {isa = PBXFileReference; fileEncoding = 4; lastKnownFileType = sourcecode.swift; path = MessageBubble.swift; sourceTree = "<group>"; };
		03E1923728AEA60E00876C5D /* MessageBubbleTailPosition.swift */ = {isa = PBXFileReference; fileEncoding = 4; lastKnownFileType = sourcecode.swift; path = MessageBubbleTailPosition.swift; sourceTree = "<group>"; };
		03E1923B28AEA88B00876C5D /* ChatSendButton.swift */ = {isa = PBXFileReference; fileEncoding = 4; lastKnownFileType = sourcecode.swift; path = ChatSendButton.swift; sourceTree = "<group>"; };
		03E1923D28AEAB0300876C5D /* MeActor.swift */ = {isa = PBXFileReference; lastKnownFileType = sourcecode.swift; path = MeActor.swift; sourceTree = "<group>"; };
		03FE3BB92897214700208D5D /* HomeView.swift */ = {isa = PBXFileReference; lastKnownFileType = sourcecode.swift; path = HomeView.swift; sourceTree = "<group>"; };
		03FE3BBB289721A500208D5D /* ChatsView.swift */ = {isa = PBXFileReference; lastKnownFileType = sourcecode.swift; path = ChatsView.swift; sourceTree = "<group>"; };
		03FE3BBD2897220F00208D5D /* MeView.swift */ = {isa = PBXFileReference; lastKnownFileType = sourcecode.swift; path = MeView.swift; sourceTree = "<group>"; };
		03FE3BBF2897222D00208D5D /* AffirmateTabView.swift */ = {isa = PBXFileReference; lastKnownFileType = sourcecode.swift; path = AffirmateTabView.swift; sourceTree = "<group>"; };
		03FE3BC12897273A00208D5D /* Authentication.swift */ = {isa = PBXFileReference; lastKnownFileType = sourcecode.swift; path = Authentication.swift; sourceTree = "<group>"; };
/* End PBXFileReference section */

/* Begin PBXFrameworksBuildPhase section */
		0389BC85286FAB2A00CBDC3B /* Frameworks */ = {
			isa = PBXFrameworksBuildPhase;
			buildActionMask = 2147483647;
			files = (
				03772C85289734D9001DAE4B /* SwiftKeychainWrapper in Frameworks */,
				03E1922C28AEA30B00876C5D /* ReversedScrollView in Frameworks */,
				035CE65A289F47D400B8C7A5 /* Alamofire in Frameworks */,
			);
			runOnlyForDeploymentPostprocessing = 0;
		};
		0389BC96286FAB2A00CBDC3B /* Frameworks */ = {
			isa = PBXFrameworksBuildPhase;
			buildActionMask = 2147483647;
			files = (
			);
			runOnlyForDeploymentPostprocessing = 0;
		};
		0389BCA0286FAB2B00CBDC3B /* Frameworks */ = {
			isa = PBXFrameworksBuildPhase;
			buildActionMask = 2147483647;
			files = (
			);
			runOnlyForDeploymentPostprocessing = 0;
		};
/* End PBXFrameworksBuildPhase section */

/* Begin PBXGroup section */
		0374074528AEDE99004DAA72 /* Chat */ = {
			isa = PBXGroup;
			children = (
				0376F5C728A102490040CB40 /* NewChatView.swift */,
				03772C9C28975EB7001DAE4B /* ChatNavigationLink.swift */,
				03E1922828AEA2B600876C5D /* ChatView.swift */,
				03E1923628AEA60E00876C5D /* MessageBubble.swift */,
				03E1923528AEA60D00876C5D /* MessageBubbleShape.swift */,
				03E1923728AEA60E00876C5D /* MessageBubbleTailPosition.swift */,
				03E1923B28AEA88B00876C5D /* ChatSendButton.swift */,
				03E1923128AEA5AC00876C5D /* MessageView.swift */,
				03FE3BBB289721A500208D5D /* ChatsView.swift */,
			);
			path = Chat;
			sourceTree = "<group>";
		};
		03772C88289757CA001DAE4B /* Models */ = {
			isa = PBXGroup;
			children = (
				031FF1F228A08015008343CA /* ServerError.swift */,
				03772C89289757CA001DAE4B /* Chat.swift */,
				03772C8A289757CA001DAE4B /* Message.swift */,
				0374074328AEDC33004DAA72 /* Representation.swift */,
				03772C8B289757CA001DAE4B /* SessionToken.swift */,
				03A2017128A6D6A100573848 /* JWTToken.swift */,
				03772C8C289757CA001DAE4B /* User.swift */,
				03772C8D289757CA001DAE4B /* Participant.swift */,
			);
			path = Models;
			sourceTree = "<group>";
		};
		03772C9528975972001DAE4B /* Components */ = {
			isa = PBXGroup;
			children = (
				03772C9328975965001DAE4B /* TaskButton.swift */,
				03772C96289759A3001DAE4B /* ThrowingTaskButton.swift */,
			);
			path = Components;
			sourceTree = "<group>";
		};
		0389BC7F286FAB2A00CBDC3B = {
			isa = PBXGroup;
			children = (
				0389BC8A286FAB2A00CBDC3B /* Affirmate */,
				0389BC9C286FAB2A00CBDC3B /* AffirmateTests */,
				0389BCA6286FAB2B00CBDC3B /* AffirmateUITests */,
				0389BCB6286FAC1400CBDC3B /* Packages */,
				0389BC89286FAB2A00CBDC3B /* Products */,
			);
			sourceTree = "<group>";
		};
		0389BC89286FAB2A00CBDC3B /* Products */ = {
			isa = PBXGroup;
			children = (
				0389BC88286FAB2A00CBDC3B /* Affirmate.app */,
				0389BC99286FAB2A00CBDC3B /* AffirmateTests.xctest */,
				0389BCA3286FAB2B00CBDC3B /* AffirmateUITests.xctest */,
			);
			name = Products;
			sourceTree = "<group>";
		};
		0389BC8A286FAB2A00CBDC3B /* Affirmate */ = {
			isa = PBXGroup;
			children = (
				03498A65287027710081A221 /* Info.plist */,
				0389BC8B286FAB2A00CBDC3B /* AffirmateApp.swift */,
				0389BC8D286FAB2A00CBDC3B /* ContentView.swift */,
				03772C9828975B04001DAE4B /* AuthenticationView.swift */,
				03FE3BBF2897222D00208D5D /* AffirmateTabView.swift */,
				03FE3BB92897214700208D5D /* HomeView.swift */,
				03498A6328701EED0081A221 /* Repository.swift */,
				03498A6628702E270081A221 /* LocalizedContent.swift */,
				03FE3BBD2897220F00208D5D /* MeView.swift */,
				03772C9A28975CAB001DAE4B /* Constants.swift */,
				03E1924028AEAC6200876C5D /* Observers */,
				03E1923F28AEAC4E00876C5D /* Actors */,
				0374074528AEDE99004DAA72 /* Chat */,
				03772C9528975972001DAE4B /* Components */,
				03772C88289757CA001DAE4B /* Models */,
				0389BC8F286FAB2A00CBDC3B /* Assets.xcassets */,
				0389BC91286FAB2A00CBDC3B /* Affirmate.entitlements */,
				0389BC92286FAB2A00CBDC3B /* Preview Content */,
			);
			path = Affirmate;
			sourceTree = "<group>";
		};
		0389BC92286FAB2A00CBDC3B /* Preview Content */ = {
			isa = PBXGroup;
			children = (
				0389BC93286FAB2A00CBDC3B /* Preview Assets.xcassets */,
			);
			path = "Preview Content";
			sourceTree = "<group>";
		};
		0389BC9C286FAB2A00CBDC3B /* AffirmateTests */ = {
			isa = PBXGroup;
			children = (
				0389BC9D286FAB2B00CBDC3B /* AffirmateTests.swift */,
			);
			path = AffirmateTests;
			sourceTree = "<group>";
		};
		0389BCA6286FAB2B00CBDC3B /* AffirmateUITests */ = {
			isa = PBXGroup;
			children = (
				0389BCA7286FAB2B00CBDC3B /* AffirmateUITests.swift */,
				0389BCA9286FAB2B00CBDC3B /* AffirmateUITestsLaunchTests.swift */,
			);
			path = AffirmateUITests;
			sourceTree = "<group>";
		};
		0389BCB6286FAC1400CBDC3B /* Packages */ = {
			isa = PBXGroup;
			children = (
				039303702899D8E700DA7085 /* AffirmateServer */,
			);
			name = Packages;
			sourceTree = "<group>";
		};
		03E1923F28AEAC4E00876C5D /* Actors */ = {
			isa = PBXGroup;
			children = (
				03A2016F28A6D62200573848 /* HTTPActor.swift */,
				030BFDAB28A31D7700606B12 /* ChatActor.swift */,
			);
			path = Actors;
			sourceTree = "<group>";
		};
		03E1924028AEAC6200876C5D /* Observers */ = {
			isa = PBXGroup;
			children = (
				03E1922D28AEA3B000876C5D /* KeyboardHeightObserver.swift */,
				03E1922F28AEA49000876C5D /* ChatObserver.swift */,
				0376F5C328A0EBE90040CB40 /* ChatsObserver.swift */,
				03E1923D28AEAB0300876C5D /* MeActor.swift */,
				03FE3BC12897273A00208D5D /* Authentication.swift */,
			);
			path = Observers;
			sourceTree = "<group>";
		};
/* End PBXGroup section */

/* Begin PBXNativeTarget section */
		0389BC87286FAB2A00CBDC3B /* Affirmate */ = {
			isa = PBXNativeTarget;
			buildConfigurationList = 0389BCAD286FAB2B00CBDC3B /* Build configuration list for PBXNativeTarget "Affirmate" */;
			buildPhases = (
				0389BC84286FAB2A00CBDC3B /* Sources */,
				0389BC85286FAB2A00CBDC3B /* Frameworks */,
				0389BC86286FAB2A00CBDC3B /* Resources */,
			);
			buildRules = (
			);
			dependencies = (
			);
			name = Affirmate;
			packageProductDependencies = (
				03772C84289734D9001DAE4B /* SwiftKeychainWrapper */,
				035CE659289F47D400B8C7A5 /* Alamofire */,
				03E1922B28AEA30B00876C5D /* ReversedScrollView */,
			);
			productName = Affirmate;
			productReference = 0389BC88286FAB2A00CBDC3B /* Affirmate.app */;
			productType = "com.apple.product-type.application";
		};
		0389BC98286FAB2A00CBDC3B /* AffirmateTests */ = {
			isa = PBXNativeTarget;
			buildConfigurationList = 0389BCB0286FAB2B00CBDC3B /* Build configuration list for PBXNativeTarget "AffirmateTests" */;
			buildPhases = (
				0389BC95286FAB2A00CBDC3B /* Sources */,
				0389BC96286FAB2A00CBDC3B /* Frameworks */,
				0389BC97286FAB2A00CBDC3B /* Resources */,
			);
			buildRules = (
			);
			dependencies = (
				0389BC9B286FAB2A00CBDC3B /* PBXTargetDependency */,
			);
			name = AffirmateTests;
			productName = AffirmateTests;
			productReference = 0389BC99286FAB2A00CBDC3B /* AffirmateTests.xctest */;
			productType = "com.apple.product-type.bundle.unit-test";
		};
		0389BCA2286FAB2B00CBDC3B /* AffirmateUITests */ = {
			isa = PBXNativeTarget;
			buildConfigurationList = 0389BCB3286FAB2B00CBDC3B /* Build configuration list for PBXNativeTarget "AffirmateUITests" */;
			buildPhases = (
				0389BC9F286FAB2B00CBDC3B /* Sources */,
				0389BCA0286FAB2B00CBDC3B /* Frameworks */,
				0389BCA1286FAB2B00CBDC3B /* Resources */,
			);
			buildRules = (
			);
			dependencies = (
				0389BCA5286FAB2B00CBDC3B /* PBXTargetDependency */,
			);
			name = AffirmateUITests;
			productName = AffirmateUITests;
			productReference = 0389BCA3286FAB2B00CBDC3B /* AffirmateUITests.xctest */;
			productType = "com.apple.product-type.bundle.ui-testing";
		};
/* End PBXNativeTarget section */

/* Begin PBXProject section */
		0389BC80286FAB2A00CBDC3B /* Project object */ = {
			isa = PBXProject;
			attributes = {
				BuildIndependentTargetsInParallel = 1;
				LastSwiftUpdateCheck = 1400;
				LastUpgradeCheck = 1400;
				TargetAttributes = {
					0389BC87286FAB2A00CBDC3B = {
						CreatedOnToolsVersion = 14.0;
					};
					0389BC98286FAB2A00CBDC3B = {
						CreatedOnToolsVersion = 14.0;
						TestTargetID = 0389BC87286FAB2A00CBDC3B;
					};
					0389BCA2286FAB2B00CBDC3B = {
						CreatedOnToolsVersion = 14.0;
						TestTargetID = 0389BC87286FAB2A00CBDC3B;
					};
				};
			};
			buildConfigurationList = 0389BC83286FAB2A00CBDC3B /* Build configuration list for PBXProject "Affirmate" */;
			compatibilityVersion = "Xcode 14.0";
			developmentRegion = en;
			hasScannedForEncodings = 0;
			knownRegions = (
				en,
				Base,
			);
			mainGroup = 0389BC7F286FAB2A00CBDC3B;
			packageReferences = (
				03772C83289734D9001DAE4B /* XCRemoteSwiftPackageReference "SwiftKeychainWrapper" */,
				035CE658289F47D400B8C7A5 /* XCRemoteSwiftPackageReference "Alamofire" */,
				03E1922A28AEA30B00876C5D /* XCRemoteSwiftPackageReference "ReversedScrollView" */,
			);
			productRefGroup = 0389BC89286FAB2A00CBDC3B /* Products */;
			projectDirPath = "";
			projectRoot = "";
			targets = (
				0389BC87286FAB2A00CBDC3B /* Affirmate */,
				0389BC98286FAB2A00CBDC3B /* AffirmateTests */,
				0389BCA2286FAB2B00CBDC3B /* AffirmateUITests */,
			);
		};
/* End PBXProject section */

/* Begin PBXResourcesBuildPhase section */
		0389BC86286FAB2A00CBDC3B /* Resources */ = {
			isa = PBXResourcesBuildPhase;
			buildActionMask = 2147483647;
			files = (
				0389BC94286FAB2A00CBDC3B /* Preview Assets.xcassets in Resources */,
				0389BC90286FAB2A00CBDC3B /* Assets.xcassets in Resources */,
			);
			runOnlyForDeploymentPostprocessing = 0;
		};
		0389BC97286FAB2A00CBDC3B /* Resources */ = {
			isa = PBXResourcesBuildPhase;
			buildActionMask = 2147483647;
			files = (
			);
			runOnlyForDeploymentPostprocessing = 0;
		};
		0389BCA1286FAB2B00CBDC3B /* Resources */ = {
			isa = PBXResourcesBuildPhase;
			buildActionMask = 2147483647;
			files = (
			);
			runOnlyForDeploymentPostprocessing = 0;
		};
/* End PBXResourcesBuildPhase section */

/* Begin PBXSourcesBuildPhase section */
		0389BC84286FAB2A00CBDC3B /* Sources */ = {
			isa = PBXSourcesBuildPhase;
			buildActionMask = 2147483647;
			files = (
				03772C9428975965001DAE4B /* TaskButton.swift in Sources */,
				03E1923E28AEAB0300876C5D /* MeActor.swift in Sources */,
				0376F5C828A102490040CB40 /* NewChatView.swift in Sources */,
				03E1923228AEA5AC00876C5D /* MessageView.swift in Sources */,
				03FE3BC02897222D00208D5D /* AffirmateTabView.swift in Sources */,
				030BFDAC28A31D7700606B12 /* ChatActor.swift in Sources */,
				03772C9028975815001DAE4B /* Chat.swift in Sources */,
				03E1923028AEA49000876C5D /* ChatObserver.swift in Sources */,
				03772C8F28975815001DAE4B /* Participant.swift in Sources */,
				03E1922928AEA2B600876C5D /* ChatView.swift in Sources */,
				03772C97289759A3001DAE4B /* ThrowingTaskButton.swift in Sources */,
				031FF1F328A08015008343CA /* ServerError.swift in Sources */,
				0374074428AEDC33004DAA72 /* Representation.swift in Sources */,
				03FE3BBC289721A500208D5D /* ChatsView.swift in Sources */,
				03A2017228A6D6A100573848 /* JWTToken.swift in Sources */,
				03FE3BBA2897214700208D5D /* HomeView.swift in Sources */,
				03498A6728702E270081A221 /* LocalizedContent.swift in Sources */,
				03772C9228975815001DAE4B /* User.swift in Sources */,
				03E1923828AEA60E00876C5D /* MessageBubbleShape.swift in Sources */,
				03FE3BC22897273A00208D5D /* Authentication.swift in Sources */,
				03498A6428701EED0081A221 /* Repository.swift in Sources */,
				0376F5C428A0EBE90040CB40 /* ChatsObserver.swift in Sources */,
				03FE3BBE2897220F00208D5D /* MeView.swift in Sources */,
				03772C8E2897580C001DAE4B /* Message.swift in Sources */,
				03772C9928975B04001DAE4B /* AuthenticationView.swift in Sources */,
				03E1922E28AEA3B000876C5D /* KeyboardHeightObserver.swift in Sources */,
				0389BC8E286FAB2A00CBDC3B /* ContentView.swift in Sources */,
				03A2017028A6D62200573848 /* HTTPActor.swift in Sources */,
				0389BC8C286FAB2A00CBDC3B /* AffirmateApp.swift in Sources */,
				03E1923A28AEA60E00876C5D /* MessageBubbleTailPosition.swift in Sources */,
				03E1923C28AEA88B00876C5D /* ChatSendButton.swift in Sources */,
				03772C9128975815001DAE4B /* SessionToken.swift in Sources */,
				03772C9B28975CAB001DAE4B /* Constants.swift in Sources */,
				03772C9D28975EB7001DAE4B /* ChatNavigationLink.swift in Sources */,
				03E1923928AEA60E00876C5D /* MessageBubble.swift in Sources */,
			);
			runOnlyForDeploymentPostprocessing = 0;
		};
		0389BC95286FAB2A00CBDC3B /* Sources */ = {
			isa = PBXSourcesBuildPhase;
			buildActionMask = 2147483647;
			files = (
				0389BC9E286FAB2B00CBDC3B /* AffirmateTests.swift in Sources */,
			);
			runOnlyForDeploymentPostprocessing = 0;
		};
		0389BC9F286FAB2B00CBDC3B /* Sources */ = {
			isa = PBXSourcesBuildPhase;
			buildActionMask = 2147483647;
			files = (
				0389BCAA286FAB2B00CBDC3B /* AffirmateUITestsLaunchTests.swift in Sources */,
				0389BCA8286FAB2B00CBDC3B /* AffirmateUITests.swift in Sources */,
			);
			runOnlyForDeploymentPostprocessing = 0;
		};
/* End PBXSourcesBuildPhase section */

/* Begin PBXTargetDependency section */
		0389BC9B286FAB2A00CBDC3B /* PBXTargetDependency */ = {
			isa = PBXTargetDependency;
			target = 0389BC87286FAB2A00CBDC3B /* Affirmate */;
			targetProxy = 0389BC9A286FAB2A00CBDC3B /* PBXContainerItemProxy */;
		};
		0389BCA5286FAB2B00CBDC3B /* PBXTargetDependency */ = {
			isa = PBXTargetDependency;
			target = 0389BC87286FAB2A00CBDC3B /* Affirmate */;
			targetProxy = 0389BCA4286FAB2B00CBDC3B /* PBXContainerItemProxy */;
		};
/* End PBXTargetDependency section */

/* Begin XCBuildConfiguration section */
		0389BCAB286FAB2B00CBDC3B /* Debug */ = {
			isa = XCBuildConfiguration;
			buildSettings = {
				ALWAYS_SEARCH_USER_PATHS = NO;
				CLANG_ANALYZER_NONNULL = YES;
				CLANG_ANALYZER_NUMBER_OBJECT_CONVERSION = YES_AGGRESSIVE;
				CLANG_CXX_LANGUAGE_STANDARD = "gnu++17";
				CLANG_ENABLE_MODULES = YES;
				CLANG_ENABLE_OBJC_ARC = YES;
				CLANG_ENABLE_OBJC_WEAK = YES;
				CLANG_WARN_BLOCK_CAPTURE_AUTORELEASING = YES;
				CLANG_WARN_BOOL_CONVERSION = YES;
				CLANG_WARN_COMMA = YES;
				CLANG_WARN_CONSTANT_CONVERSION = YES;
				CLANG_WARN_DEPRECATED_OBJC_IMPLEMENTATIONS = YES;
				CLANG_WARN_DIRECT_OBJC_ISA_USAGE = YES_ERROR;
				CLANG_WARN_DOCUMENTATION_COMMENTS = YES;
				CLANG_WARN_EMPTY_BODY = YES;
				CLANG_WARN_ENUM_CONVERSION = YES;
				CLANG_WARN_INFINITE_RECURSION = YES;
				CLANG_WARN_INT_CONVERSION = YES;
				CLANG_WARN_NON_LITERAL_NULL_CONVERSION = YES;
				CLANG_WARN_OBJC_IMPLICIT_RETAIN_SELF = YES;
				CLANG_WARN_OBJC_LITERAL_CONVERSION = YES;
				CLANG_WARN_OBJC_ROOT_CLASS = YES_ERROR;
				CLANG_WARN_QUOTED_INCLUDE_IN_FRAMEWORK_HEADER = YES;
				CLANG_WARN_RANGE_LOOP_ANALYSIS = YES;
				CLANG_WARN_STRICT_PROTOTYPES = YES;
				CLANG_WARN_SUSPICIOUS_MOVE = YES;
				CLANG_WARN_UNGUARDED_AVAILABILITY = YES_AGGRESSIVE;
				CLANG_WARN_UNREACHABLE_CODE = YES;
				CLANG_WARN__DUPLICATE_METHOD_MATCH = YES;
				COPY_PHASE_STRIP = NO;
				DEBUG_INFORMATION_FORMAT = dwarf;
				ENABLE_STRICT_OBJC_MSGSEND = YES;
				ENABLE_TESTABILITY = YES;
				GCC_C_LANGUAGE_STANDARD = gnu11;
				GCC_DYNAMIC_NO_PIC = NO;
				GCC_NO_COMMON_BLOCKS = YES;
				GCC_OPTIMIZATION_LEVEL = 0;
				GCC_PREPROCESSOR_DEFINITIONS = (
					"DEBUG=1",
					"$(inherited)",
				);
				GCC_WARN_64_TO_32_BIT_CONVERSION = YES;
				GCC_WARN_ABOUT_RETURN_TYPE = YES_ERROR;
				GCC_WARN_UNDECLARED_SELECTOR = YES;
				GCC_WARN_UNINITIALIZED_AUTOS = YES_AGGRESSIVE;
				GCC_WARN_UNUSED_FUNCTION = YES;
				GCC_WARN_UNUSED_VARIABLE = YES;
				MTL_ENABLE_DEBUG_INFO = INCLUDE_SOURCE;
				MTL_FAST_MATH = YES;
				ONLY_ACTIVE_ARCH = YES;
				SWIFT_ACTIVE_COMPILATION_CONDITIONS = DEBUG;
				SWIFT_OPTIMIZATION_LEVEL = "-Onone";
			};
			name = Debug;
		};
		0389BCAC286FAB2B00CBDC3B /* Release */ = {
			isa = XCBuildConfiguration;
			buildSettings = {
				ALWAYS_SEARCH_USER_PATHS = NO;
				CLANG_ANALYZER_NONNULL = YES;
				CLANG_ANALYZER_NUMBER_OBJECT_CONVERSION = YES_AGGRESSIVE;
				CLANG_CXX_LANGUAGE_STANDARD = "gnu++17";
				CLANG_ENABLE_MODULES = YES;
				CLANG_ENABLE_OBJC_ARC = YES;
				CLANG_ENABLE_OBJC_WEAK = YES;
				CLANG_WARN_BLOCK_CAPTURE_AUTORELEASING = YES;
				CLANG_WARN_BOOL_CONVERSION = YES;
				CLANG_WARN_COMMA = YES;
				CLANG_WARN_CONSTANT_CONVERSION = YES;
				CLANG_WARN_DEPRECATED_OBJC_IMPLEMENTATIONS = YES;
				CLANG_WARN_DIRECT_OBJC_ISA_USAGE = YES_ERROR;
				CLANG_WARN_DOCUMENTATION_COMMENTS = YES;
				CLANG_WARN_EMPTY_BODY = YES;
				CLANG_WARN_ENUM_CONVERSION = YES;
				CLANG_WARN_INFINITE_RECURSION = YES;
				CLANG_WARN_INT_CONVERSION = YES;
				CLANG_WARN_NON_LITERAL_NULL_CONVERSION = YES;
				CLANG_WARN_OBJC_IMPLICIT_RETAIN_SELF = YES;
				CLANG_WARN_OBJC_LITERAL_CONVERSION = YES;
				CLANG_WARN_OBJC_ROOT_CLASS = YES_ERROR;
				CLANG_WARN_QUOTED_INCLUDE_IN_FRAMEWORK_HEADER = YES;
				CLANG_WARN_RANGE_LOOP_ANALYSIS = YES;
				CLANG_WARN_STRICT_PROTOTYPES = YES;
				CLANG_WARN_SUSPICIOUS_MOVE = YES;
				CLANG_WARN_UNGUARDED_AVAILABILITY = YES_AGGRESSIVE;
				CLANG_WARN_UNREACHABLE_CODE = YES;
				CLANG_WARN__DUPLICATE_METHOD_MATCH = YES;
				COPY_PHASE_STRIP = NO;
				DEBUG_INFORMATION_FORMAT = "dwarf-with-dsym";
				ENABLE_NS_ASSERTIONS = NO;
				ENABLE_STRICT_OBJC_MSGSEND = YES;
				GCC_C_LANGUAGE_STANDARD = gnu11;
				GCC_NO_COMMON_BLOCKS = YES;
				GCC_WARN_64_TO_32_BIT_CONVERSION = YES;
				GCC_WARN_ABOUT_RETURN_TYPE = YES_ERROR;
				GCC_WARN_UNDECLARED_SELECTOR = YES;
				GCC_WARN_UNINITIALIZED_AUTOS = YES_AGGRESSIVE;
				GCC_WARN_UNUSED_FUNCTION = YES;
				GCC_WARN_UNUSED_VARIABLE = YES;
				MTL_ENABLE_DEBUG_INFO = NO;
				MTL_FAST_MATH = YES;
				SWIFT_COMPILATION_MODE = wholemodule;
				SWIFT_OPTIMIZATION_LEVEL = "-O";
			};
			name = Release;
		};
		0389BCAE286FAB2B00CBDC3B /* Debug */ = {
			isa = XCBuildConfiguration;
			buildSettings = {
				ASSETCATALOG_COMPILER_APPICON_NAME = AppIcon;
				ASSETCATALOG_COMPILER_GLOBAL_ACCENT_COLOR_NAME = AccentColor;
				CODE_SIGN_ENTITLEMENTS = Affirmate/Affirmate.entitlements;
				CODE_SIGN_STYLE = Automatic;
				CURRENT_PROJECT_VERSION = 1;
				DEVELOPMENT_ASSET_PATHS = "\"Affirmate/Preview Content\"";
				DEVELOPMENT_TEAM = LU6454UVH5;
				ENABLE_HARDENED_RUNTIME = YES;
				ENABLE_PREVIEWS = YES;
				GENERATE_INFOPLIST_FILE = YES;
				INFOPLIST_FILE = Affirmate/Info.plist;
				"INFOPLIST_KEY_UILaunchScreen_Generation[sdk=iphoneos*]" = YES;
				"INFOPLIST_KEY_UILaunchScreen_Generation[sdk=iphonesimulator*]" = YES;
				INFOPLIST_KEY_UISupportedInterfaceOrientations_iPad = "UIInterfaceOrientationPortrait UIInterfaceOrientationPortraitUpsideDown UIInterfaceOrientationLandscapeLeft UIInterfaceOrientationLandscapeRight";
				INFOPLIST_KEY_UISupportedInterfaceOrientations_iPhone = "UIInterfaceOrientationPortrait UIInterfaceOrientationLandscapeLeft UIInterfaceOrientationLandscapeRight";
				IPHONEOS_DEPLOYMENT_TARGET = 16.0;
				LD_RUNPATH_SEARCH_PATHS = "@executable_path/Frameworks";
				"LD_RUNPATH_SEARCH_PATHS[sdk=macosx*]" = "@executable_path/../Frameworks";
				MACOSX_DEPLOYMENT_TARGET = 13.0;
				MARKETING_VERSION = 1.0;
				PRODUCT_BUNDLE_IDENTIFIER = com.briannadoubt.Affirmate;
				PRODUCT_NAME = "$(TARGET_NAME)";
				SDKROOT = auto;
				SUPPORTED_PLATFORMS = "iphoneos iphonesimulator macosx";
				SWIFT_ACTIVE_COMPILATION_CONDITIONS = "DEBUG DEVELOPMENT";
				SWIFT_EMIT_LOC_STRINGS = YES;
				SWIFT_VERSION = 5.0;
				TARGETED_DEVICE_FAMILY = "1,2";
			};
			name = Debug;
		};
		0389BCAF286FAB2B00CBDC3B /* Release */ = {
			isa = XCBuildConfiguration;
			buildSettings = {
				ASSETCATALOG_COMPILER_APPICON_NAME = AppIcon;
				ASSETCATALOG_COMPILER_GLOBAL_ACCENT_COLOR_NAME = AccentColor;
				CODE_SIGN_ENTITLEMENTS = Affirmate/Affirmate.entitlements;
				CODE_SIGN_STYLE = Automatic;
				CURRENT_PROJECT_VERSION = 1;
				DEVELOPMENT_ASSET_PATHS = "\"Affirmate/Preview Content\"";
				DEVELOPMENT_TEAM = LU6454UVH5;
				ENABLE_HARDENED_RUNTIME = YES;
				ENABLE_PREVIEWS = YES;
				GENERATE_INFOPLIST_FILE = YES;
				INFOPLIST_FILE = Affirmate/Info.plist;
				"INFOPLIST_KEY_UILaunchScreen_Generation[sdk=iphoneos*]" = YES;
				"INFOPLIST_KEY_UILaunchScreen_Generation[sdk=iphonesimulator*]" = YES;
				INFOPLIST_KEY_UISupportedInterfaceOrientations_iPad = "UIInterfaceOrientationPortrait UIInterfaceOrientationPortraitUpsideDown UIInterfaceOrientationLandscapeLeft UIInterfaceOrientationLandscapeRight";
				INFOPLIST_KEY_UISupportedInterfaceOrientations_iPhone = "UIInterfaceOrientationPortrait UIInterfaceOrientationLandscapeLeft UIInterfaceOrientationLandscapeRight";
				IPHONEOS_DEPLOYMENT_TARGET = 16.0;
				LD_RUNPATH_SEARCH_PATHS = "@executable_path/Frameworks";
				"LD_RUNPATH_SEARCH_PATHS[sdk=macosx*]" = "@executable_path/../Frameworks";
				MACOSX_DEPLOYMENT_TARGET = 13.0;
				MARKETING_VERSION = 1.0;
				PRODUCT_BUNDLE_IDENTIFIER = com.briannadoubt.Affirmate;
				PRODUCT_NAME = "$(TARGET_NAME)";
				SDKROOT = auto;
				SUPPORTED_PLATFORMS = "iphoneos iphonesimulator macosx";
				SWIFT_ACTIVE_COMPILATION_CONDITIONS = PRODUCTION;
				SWIFT_EMIT_LOC_STRINGS = YES;
				SWIFT_VERSION = 5.0;
				TARGETED_DEVICE_FAMILY = "1,2";
			};
			name = Release;
		};
		0389BCB1286FAB2B00CBDC3B /* Debug */ = {
			isa = XCBuildConfiguration;
			buildSettings = {
				ALWAYS_EMBED_SWIFT_STANDARD_LIBRARIES = YES;
				BUNDLE_LOADER = "$(TEST_HOST)";
				CODE_SIGN_STYLE = Automatic;
				CURRENT_PROJECT_VERSION = 1;
				DEVELOPMENT_TEAM = LU6454UVH5;
				GENERATE_INFOPLIST_FILE = YES;
				IPHONEOS_DEPLOYMENT_TARGET = 16.0;
				MACOSX_DEPLOYMENT_TARGET = 13.0;
				MARKETING_VERSION = 1.0;
				PRODUCT_BUNDLE_IDENTIFIER = com.briannadoubt.AffirmateTests;
				PRODUCT_NAME = "$(TARGET_NAME)";
				SDKROOT = auto;
				SUPPORTED_PLATFORMS = "iphoneos iphonesimulator macosx";
				SWIFT_EMIT_LOC_STRINGS = NO;
				SWIFT_VERSION = 5.0;
				TARGETED_DEVICE_FAMILY = "1,2";
				TEST_HOST = "$(BUILT_PRODUCTS_DIR)/Affirmate.app/$(BUNDLE_EXECUTABLE_FOLDER_PATH)/Affirmate";
			};
			name = Debug;
		};
		0389BCB2286FAB2B00CBDC3B /* Release */ = {
			isa = XCBuildConfiguration;
			buildSettings = {
				ALWAYS_EMBED_SWIFT_STANDARD_LIBRARIES = YES;
				BUNDLE_LOADER = "$(TEST_HOST)";
				CODE_SIGN_STYLE = Automatic;
				CURRENT_PROJECT_VERSION = 1;
				DEVELOPMENT_TEAM = LU6454UVH5;
				GENERATE_INFOPLIST_FILE = YES;
				IPHONEOS_DEPLOYMENT_TARGET = 16.0;
				MACOSX_DEPLOYMENT_TARGET = 13.0;
				MARKETING_VERSION = 1.0;
				PRODUCT_BUNDLE_IDENTIFIER = com.briannadoubt.AffirmateTests;
				PRODUCT_NAME = "$(TARGET_NAME)";
				SDKROOT = auto;
				SUPPORTED_PLATFORMS = "iphoneos iphonesimulator macosx";
				SWIFT_EMIT_LOC_STRINGS = NO;
				SWIFT_VERSION = 5.0;
				TARGETED_DEVICE_FAMILY = "1,2";
				TEST_HOST = "$(BUILT_PRODUCTS_DIR)/Affirmate.app/$(BUNDLE_EXECUTABLE_FOLDER_PATH)/Affirmate";
			};
			name = Release;
		};
		0389BCB4286FAB2B00CBDC3B /* Debug */ = {
			isa = XCBuildConfiguration;
			buildSettings = {
				ALWAYS_EMBED_SWIFT_STANDARD_LIBRARIES = YES;
				CODE_SIGN_STYLE = Automatic;
				CURRENT_PROJECT_VERSION = 1;
				DEVELOPMENT_TEAM = LU6454UVH5;
				GENERATE_INFOPLIST_FILE = YES;
				IPHONEOS_DEPLOYMENT_TARGET = 16.0;
				MACOSX_DEPLOYMENT_TARGET = 13.0;
				MARKETING_VERSION = 1.0;
				PRODUCT_BUNDLE_IDENTIFIER = com.briannadoubt.AffirmateUITests;
				PRODUCT_NAME = "$(TARGET_NAME)";
				SDKROOT = auto;
				SUPPORTED_PLATFORMS = "iphoneos iphonesimulator macosx";
				SWIFT_EMIT_LOC_STRINGS = NO;
				SWIFT_VERSION = 5.0;
				TARGETED_DEVICE_FAMILY = "1,2";
				TEST_TARGET_NAME = Affirmate;
			};
			name = Debug;
		};
		0389BCB5286FAB2B00CBDC3B /* Release */ = {
			isa = XCBuildConfiguration;
			buildSettings = {
				ALWAYS_EMBED_SWIFT_STANDARD_LIBRARIES = YES;
				CODE_SIGN_STYLE = Automatic;
				CURRENT_PROJECT_VERSION = 1;
				DEVELOPMENT_TEAM = LU6454UVH5;
				GENERATE_INFOPLIST_FILE = YES;
				IPHONEOS_DEPLOYMENT_TARGET = 16.0;
				MACOSX_DEPLOYMENT_TARGET = 13.0;
				MARKETING_VERSION = 1.0;
				PRODUCT_BUNDLE_IDENTIFIER = com.briannadoubt.AffirmateUITests;
				PRODUCT_NAME = "$(TARGET_NAME)";
				SDKROOT = auto;
				SUPPORTED_PLATFORMS = "iphoneos iphonesimulator macosx";
				SWIFT_EMIT_LOC_STRINGS = NO;
				SWIFT_VERSION = 5.0;
				TARGETED_DEVICE_FAMILY = "1,2";
				TEST_TARGET_NAME = Affirmate;
			};
			name = Release;
		};
/* End XCBuildConfiguration section */

/* Begin XCConfigurationList section */
		0389BC83286FAB2A00CBDC3B /* Build configuration list for PBXProject "Affirmate" */ = {
			isa = XCConfigurationList;
			buildConfigurations = (
				0389BCAB286FAB2B00CBDC3B /* Debug */,
				0389BCAC286FAB2B00CBDC3B /* Release */,
			);
			defaultConfigurationIsVisible = 0;
			defaultConfigurationName = Release;
		};
		0389BCAD286FAB2B00CBDC3B /* Build configuration list for PBXNativeTarget "Affirmate" */ = {
			isa = XCConfigurationList;
			buildConfigurations = (
				0389BCAE286FAB2B00CBDC3B /* Debug */,
				0389BCAF286FAB2B00CBDC3B /* Release */,
			);
			defaultConfigurationIsVisible = 0;
			defaultConfigurationName = Release;
		};
		0389BCB0286FAB2B00CBDC3B /* Build configuration list for PBXNativeTarget "AffirmateTests" */ = {
			isa = XCConfigurationList;
			buildConfigurations = (
				0389BCB1286FAB2B00CBDC3B /* Debug */,
				0389BCB2286FAB2B00CBDC3B /* Release */,
			);
			defaultConfigurationIsVisible = 0;
			defaultConfigurationName = Release;
		};
		0389BCB3286FAB2B00CBDC3B /* Build configuration list for PBXNativeTarget "AffirmateUITests" */ = {
			isa = XCConfigurationList;
			buildConfigurations = (
				0389BCB4286FAB2B00CBDC3B /* Debug */,
				0389BCB5286FAB2B00CBDC3B /* Release */,
			);
			defaultConfigurationIsVisible = 0;
			defaultConfigurationName = Release;
		};
/* End XCConfigurationList section */

/* Begin XCRemoteSwiftPackageReference section */
		035CE658289F47D400B8C7A5 /* XCRemoteSwiftPackageReference "Alamofire" */ = {
			isa = XCRemoteSwiftPackageReference;
			repositoryURL = "https://github.com/Alamofire/Alamofire.git";
			requirement = {
				kind = upToNextMajorVersion;
				minimumVersion = 5.0.0;
			};
		};
		03772C83289734D9001DAE4B /* XCRemoteSwiftPackageReference "SwiftKeychainWrapper" */ = {
			isa = XCRemoteSwiftPackageReference;
			repositoryURL = "https://github.com/jrendel/SwiftKeychainWrapper.git";
			requirement = {
				branch = develop;
				kind = branch;
			};
		};
		03E1922A28AEA30B00876C5D /* XCRemoteSwiftPackageReference "ReversedScrollView" */ = {
			isa = XCRemoteSwiftPackageReference;
			repositoryURL = "https://github.com/briannadoubt/ReversedScrollView.git";
			requirement = {
				branch = main;
				kind = branch;
			};
		};
/* End XCRemoteSwiftPackageReference section */

/* Begin XCSwiftPackageProductDependency section */
		035CE659289F47D400B8C7A5 /* Alamofire */ = {
			isa = XCSwiftPackageProductDependency;
			package = 035CE658289F47D400B8C7A5 /* XCRemoteSwiftPackageReference "Alamofire" */;
			productName = Alamofire;
		};
		03772C84289734D9001DAE4B /* SwiftKeychainWrapper */ = {
			isa = XCSwiftPackageProductDependency;
			package = 03772C83289734D9001DAE4B /* XCRemoteSwiftPackageReference "SwiftKeychainWrapper" */;
			productName = SwiftKeychainWrapper;
		};
		03E1922B28AEA30B00876C5D /* ReversedScrollView */ = {
			isa = XCSwiftPackageProductDependency;
			package = 03E1922A28AEA30B00876C5D /* XCRemoteSwiftPackageReference "ReversedScrollView" */;
			productName = ReversedScrollView;
		};
/* End XCSwiftPackageProductDependency section */
	};
	rootObject = 0389BC80286FAB2A00CBDC3B /* Project object */;
}
